
Microsoft Visual Studio Solution File, Format Version 12.00
# Visual Studio Version 16
VisualStudioVersion = 16.0.30804.86
MinimumVisualStudioVersion = 10.0.40219.1
Project("{FAE04EC0-301F-11D3-BF4B-00C04F79EFBC}") = "ProjCadClientes", "ProjCadClientes\ProjCadClientes.csproj", "{DFF4271F-BE82-47E1-9937-56FC35D50025}"
EndProject
Global
	GlobalSection(SolutionConfigurationPlatforms) = preSolution
		Debug|Any CPU = Debug|Any CPU
		Release|Any CPU = Release|Any CPU
	EndGlobalSection
	GlobalSection(ProjectConfigurationPlatforms) = postSolution
		{DFF4271F-BE82-47E1-9937-56FC35D50025}.Debug|Any CPU.ActiveCfg = Debug|Any CPU
		{DFF4271F-BE82-47E1-9937-56FC35D50025}.Debug|Any CPU.Build.0 = Debug|Any CPU
		{DFF4271F-BE82-47E1-9937-56FC35D50025}.Release|Any CPU.ActiveCfg = Release|Any CPU
		{DFF4271F-BE82-47E1-9937-56FC35D50025}.Release|Any CPU.Build.0 = Release|Any CPU
	EndGlobalSection
	GlobalSection(SolutionProperties) = preSolution
		HideSolutionNode = FALSE
	EndGlobalSection
	GlobalSection(ExtensibilityGlobals) = postSolution
		SolutionGuid = {8ECD7B83-DBB2-4730-8E8F-67A2C4028B99}
	EndGlobalSection
EndGlobal
